
Microsoft Visual Studio Solution File, Format Version 12.00
# Visual Studio Version 16
VisualStudioVersion = 16.0.32929.386
MinimumVisualStudioVersion = 10.0.40219.1
Project("{FAE04EC0-301F-11D3-BF4B-00C04F79EFBC}") = "CrudMvc", "CrudMvc\CrudMvc.csproj", "{525DD6FD-ADFE-40CB-8368-1CDC7CFF28B5}"
EndProject
Global
	GlobalSection(SolutionConfigurationPlatforms) = preSolution
		Debug|Any CPU = Debug|Any CPU
		Release|Any CPU = Release|Any CPU
	EndGlobalSection
	GlobalSection(ProjectConfigurationPlatforms) = postSolution
		{525DD6FD-ADFE-40CB-8368-1CDC7CFF28B5}.Debug|Any CPU.ActiveCfg = Debug|Any CPU
		{525DD6FD-ADFE-40CB-8368-1CDC7CFF28B5}.Debug|Any CPU.Build.0 = Debug|Any CPU
		{525DD6FD-ADFE-40CB-8368-1CDC7CFF28B5}.Release|Any CPU.ActiveCfg = Release|Any CPU
		{525DD6FD-ADFE-40CB-8368-1CDC7CFF28B5}.Release|Any CPU.Build.0 = Release|Any CPU
	EndGlobalSection
	GlobalSection(SolutionProperties) = preSolution
		HideSolutionNode = FALSE
	EndGlobalSection
	GlobalSection(ExtensibilityGlobals) = postSolution
		SolutionGuid = {D84D49F0-D12F-4418-9CBD-EB51F3F24DB2}
	EndGlobalSection
EndGlobal
